
Microsoft Visual Studio Solution File, Format Version 12.00
Project("{FAE04EC0-301F-11D3-BF4B-00C04F79EFBC}") = "Faker.Core", "Faker.Core\Faker.Core.csproj", "{CECC0867-BBA1-423D-A219-9EADDD852F71}"
EndProject
Project("{FAE04EC0-301F-11D3-BF4B-00C04F79EFBC}") = "Faker.Example", "Faker.Example\Faker.Example.csproj", "{D9373BD8-905D-4C1D-A243-2CE509CB99EA}"
EndProject
Project("{FAE04EC0-301F-11D3-BF4B-00C04F79EFBC}") = "Faker.UnitTests", "Faker.UnitTests\Faker.UnitTests.csproj", "{C5425C82-0C4C-454B-A4FB-1E7A8DEA2FE3}"
EndProject
Global
	GlobalSection(SolutionConfigurationPlatforms) = preSolution
		Debug|Any CPU = Debug|Any CPU
		Release|Any CPU = Release|Any CPU
	EndGlobalSection
	GlobalSection(ProjectConfigurationPlatforms) = postSolution
		{CECC0867-BBA1-423D-A219-9EADDD852F71}.Debug|Any CPU.ActiveCfg = Debug|Any CPU
		{CECC0867-BBA1-423D-A219-9EADDD852F71}.Debug|Any CPU.Build.0 = Debug|Any CPU
		{CECC0867-BBA1-423D-A219-9EADDD852F71}.Release|Any CPU.ActiveCfg = Release|Any CPU
		{CECC0867-BBA1-423D-A219-9EADDD852F71}.Release|Any CPU.Build.0 = Release|Any CPU
		{D9373BD8-905D-4C1D-A243-2CE509CB99EA}.Debug|Any CPU.ActiveCfg = Debug|Any CPU
		{D9373BD8-905D-4C1D-A243-2CE509CB99EA}.Debug|Any CPU.Build.0 = Debug|Any CPU
		{D9373BD8-905D-4C1D-A243-2CE509CB99EA}.Release|Any CPU.ActiveCfg = Release|Any CPU
		{D9373BD8-905D-4C1D-A243-2CE509CB99EA}.Release|Any CPU.Build.0 = Release|Any CPU
		{C5425C82-0C4C-454B-A4FB-1E7A8DEA2FE3}.Debug|Any CPU.ActiveCfg = Debug|Any CPU
		{C5425C82-0C4C-454B-A4FB-1E7A8DEA2FE3}.Debug|Any CPU.Build.0 = Debug|Any CPU
		{C5425C82-0C4C-454B-A4FB-1E7A8DEA2FE3}.Release|Any CPU.ActiveCfg = Release|Any CPU
		{C5425C82-0C4C-454B-A4FB-1E7A8DEA2FE3}.Release|Any CPU.Build.0 = Release|Any CPU
	EndGlobalSection
EndGlobal
